schema: '2.0'
stages:
  train:
    cmd: python main.py train --dataset-path bdsaglam/musique-mini --dataset-name
      answerable --dataset-split train --model llama-3-70b-tgi --temperature 0.1 --technique
      standard --optimizer-path ../../data/raw/qa-prompt-optim/optimizer-configs/bfs-medium.json
      --out ../../data/generated/qa-prompt-optim/training/trained-program.json
    deps:
    - path: ../../data/raw/qa-prompt-optim/optimizer-configs/bfs-medium.json
      hash: md5
      md5: 364d059ff2dca2bea9de918a51319023
      size: 237
    - path: main.py
      hash: md5
      md5: d5a8df30d7f82ea25a3d86190945fff1
      size: 6653
    params:
      params.yaml:
        qa.model: llama-3-70b-tgi
        qa.technique: standard
        qa.temperature: 0.1
        train.dataset.name: answerable
        train.dataset.path: bdsaglam/musique-mini
        train.dataset.split: train
        train.optimizer: bfs-medium
    outs:
    - path: ../../data/generated/qa-prompt-optim/training/trained-program.json
      hash: md5
      md5: ba3b21c3afebf1509e762386df2b408e
      size: 5336
  evaluate:
    cmd: python main.py evaluate --dataset-path bdsaglam/musique-mini --dataset-name
      answerable --dataset-split validation --model llama-3-70b-tgi --temperature
      0.1 --technique standard --load-from ../../data/generated/qa-prompt-optim/training/trained-program.json
      --out ../../data/generated/qa-prompt-optim/evaluation/
    deps:
    - path: ../../data/generated/qa-prompt-optim/training/trained-program.json
      hash: md5
      md5: ba3b21c3afebf1509e762386df2b408e
      size: 5336
    - path: main.py
      hash: md5
      md5: d5a8df30d7f82ea25a3d86190945fff1
      size: 6653
    params:
      params.yaml:
        evaluation.dataset.name: answerable
        evaluation.dataset.path: bdsaglam/musique-mini
        evaluation.dataset.split: validation
        qa.model: llama-3-70b-tgi
        qa.technique: standard
        qa.temperature: 0.1
        run: 1
    outs:
    - path: ../../data/generated/qa-prompt-optim/evaluation/results.jsonl
      hash: md5
      md5: d68cf34d3f4eb48adb1894062927b85c
      size: 623032
    - path: ../../data/generated/qa-prompt-optim/evaluation/scores.json
      hash: md5
      md5: 94c4e38c5659bf8b78a54b2479b70062
      size: 104
