schema: '2.0'
stages:
  answer-questions:
    cmd: python answer_questions.py --dataset-path bdsaglam/musique-2hop --dataset-name
      answerable --dataset-split validation --out ../../data/generated/research-mhqa-evaluation/qa-results/
      --prompt cot-fs --model llama-3-70b-tgi --temperature 0.5
    deps:
    - path: answer_questions.py
      hash: md5
      md5: 4e1a960e19e7b9a067ab9b674e132ec8
      size: 2906
    params:
      params.yaml:
        dataset.name: answerable
        dataset.path: bdsaglam/musique-2hop
        dataset.split: validation
        qa.model: llama-3-70b-tgi
        qa.prompt: cot-fs
        qa.temperature: 0.5
        run: 1
    outs:
    - path: ../../data/generated/research-mhqa-evaluation/qa-results/
      hash: md5
      md5: 8ca863df54418b7a57a717e1bc0cb9c7.dir
      size: 4520056
      nfiles: 1253
  evaluate-answers:
    cmd: python evaluate_answers.py --dataset-path bdsaglam/musique-2hop --dataset-name
      answerable --dataset-split validation --qa-dir ../../data/generated/research-mhqa-evaluation/qa-results/
      --out ../../data/generated/research-mhqa-evaluation/evals/
    deps:
    - path: ../../data/generated/research-mhqa-evaluation/qa-results/
      hash: md5
      md5: 8ca863df54418b7a57a717e1bc0cb9c7.dir
      size: 4520056
      nfiles: 1253
    - path: evaluate_answers.py
      hash: md5
      md5: 9d72c6580f226e5fc293b92dd93bf952
      size: 2281
    params:
      params.yaml:
        dataset.name: answerable
        dataset.path: bdsaglam/musique-2hop
        dataset.split: validation
    outs:
    - path: ../../data/generated/research-mhqa-evaluation/evals/
      hash: md5
      md5: 6774deb50e705330075166c68265c308.dir
      size: 202958
      nfiles: 1253
  report:
    cmd: python report.py --dataset-path bdsaglam/musique-2hop --dataset-name answerable
      --dataset-split validation --qa-dir ../../data/generated/research-mhqa-evaluation/qa-results/
      --evals-dir ../../data/generated/research-mhqa-evaluation/evals/ --out ../../data/generated/research-mhqa-evaluation/reports/
    deps:
    - path: ../../data/generated/research-mhqa-evaluation/evals/
      hash: md5
      md5: 6774deb50e705330075166c68265c308.dir
      size: 202958
      nfiles: 1253
    - path: ../../data/generated/research-mhqa-evaluation/qa-results/
      hash: md5
      md5: 8ca863df54418b7a57a717e1bc0cb9c7.dir
      size: 4520056
      nfiles: 1253
    - path: report.py
      hash: md5
      md5: f8c440f3944cc6c32cfaa78d46723446
      size: 2834
    params:
      params.yaml:
        dataset.name: answerable
        dataset.path: bdsaglam/musique-2hop
        dataset.split: validation
    outs:
    - path: ../../data/generated/research-mhqa-evaluation/reports/results.jsonl
      hash: md5
      md5: 3a834fb9438c4c53e6b853c4092161ba
      size: 19261657
    - path: ../../data/generated/research-mhqa-evaluation/reports/scores.json
      hash: md5
      md5: 5b1cd3bb06eccf5ab3dc3902474373fc
      size: 104
