schema: '2.0'
stages:
  answer-questions:
    cmd: python answer_questions.py --dataset-path bdsaglam/musique-2hop --dataset-name
      answerable --dataset-split validation --out ../../data/generated/research-mhqa-evaluation/qa-results/
      --prompt standard --model llama-3-70b-tgi --temperature 1.0
    deps:
    - path: answer_questions.py
      hash: md5
      md5: 4e1a960e19e7b9a067ab9b674e132ec8
      size: 2906
    params:
      params.yaml:
        dataset.name: answerable
        dataset.path: bdsaglam/musique-2hop
        dataset.split: validation
        qa.model: llama-3-70b-tgi
        qa.prompt: standard
        qa.temperature: 1.0
        run: 2
    outs:
    - path: ../../data/generated/research-mhqa-evaluation/qa-results/
      hash: md5
      md5: ef5041460ea5053344f8ac8203948594.dir
      size: 3676191
      nfiles: 1253
  evaluate-answers:
    cmd: python evaluate_answers.py --dataset-path bdsaglam/musique-2hop --dataset-name
      answerable --dataset-split validation --qa-dir ../../data/generated/research-mhqa-evaluation/qa-results/
      --out ../../data/generated/research-mhqa-evaluation/evals/
    deps:
    - path: ../../data/generated/research-mhqa-evaluation/qa-results/
      hash: md5
      md5: ef5041460ea5053344f8ac8203948594.dir
      size: 3676191
      nfiles: 1253
    - path: evaluate_answers.py
      hash: md5
      md5: 9d72c6580f226e5fc293b92dd93bf952
      size: 2281
    params:
      params.yaml:
        dataset.name: answerable
        dataset.path: bdsaglam/musique-2hop
        dataset.split: validation
    outs:
    - path: ../../data/generated/research-mhqa-evaluation/evals/
      hash: md5
      md5: 3dc5090d25aab90bfda6b7451e5e37c0.dir
      size: 210369
      nfiles: 1253
  report:
    cmd: python report.py --dataset-path bdsaglam/musique-2hop --dataset-name answerable
      --dataset-split validation --qa-dir ../../data/generated/research-mhqa-evaluation/qa-results/
      --evals-dir ../../data/generated/research-mhqa-evaluation/evals/ --out ../../data/generated/research-mhqa-evaluation/reports/
    deps:
    - path: ../../data/generated/research-mhqa-evaluation/evals/
      hash: md5
      md5: 3dc5090d25aab90bfda6b7451e5e37c0.dir
      size: 210369
      nfiles: 1253
    - path: ../../data/generated/research-mhqa-evaluation/qa-results/
      hash: md5
      md5: ef5041460ea5053344f8ac8203948594.dir
      size: 3676191
      nfiles: 1253
    - path: report.py
      hash: md5
      md5: f8c440f3944cc6c32cfaa78d46723446
      size: 2834
    params:
      params.yaml:
        dataset.name: answerable
        dataset.path: bdsaglam/musique-2hop
        dataset.split: validation
    outs:
    - path: ../../data/generated/research-mhqa-evaluation/reports/results.jsonl
      hash: md5
      md5: ceb448eccddcc349b420bb8a188b3200
      size: 18436020
    - path: ../../data/generated/research-mhqa-evaluation/reports/scores.json
      hash: md5
      md5: 2e62b623b122728b3a292e7c32e61aca
      size: 104
