schema: '2.0'
stages:
  create_mhqa_dataset:
    cmd: python pipelines/musique-kg-llm/create_mhqa_dataset.py --config-file data/raw/musique-kg-llm/train/dataset-config.json
      --out data/generated/musique-kg-llm/train/dataset.jsonl
    deps:
    - path: data/raw/musique-kg-llm/train/dataset-config.json
      hash: md5
      md5: f3e74a4953be23217b8c177757e4b5f5
      size: 78
    - path: pipelines/musique-kg-llm/create_mhqa_dataset.py
      hash: md5
      md5: 91e626b37bb2f2be176b746fbefbad3e
      size: 414
    outs:
    - path: data/generated/musique-kg-llm/train/dataset.jsonl
      hash: md5
      md5: b5557a8667e8a2d6833282bb62d1b7d4
      size: 645997
  filter_supporting_paragraphs:
    cmd: python pipelines/musique-kg-llm/filter_supporting_paragraphs.py --dataset-file
      data/generated/musique-kg-llm/train-dataset.jsonl --out data/generated/musique-kg-llm/train-dataset-supporting.jsonl
    deps:
    - path: data/generated/musique-kg-llm/train-dataset.jsonl
      hash: md5
      md5: c0127cd0cfae52d3b1c5461da6ff1a36
      size: 93684
    - path: pipelines/musique-kg-llm/filter_supporting_paragraphs.py
      hash: md5
      md5: 65b4b57754cc919add1f2057ba9e3224
      size: 522
    outs:
    - path: data/generated/musique-kg-llm/train-dataset-supporting.jsonl
      hash: md5
      md5: 7229e21893c3c22e48db5431dcbbe795
      size: 48748
  decompose_question:
    cmd: python pipelines/musique-kg-llm/decompose_question.py --dataset-file data/generated/musique-kg-llm/train-dataset-supporting.jsonl
      --out data/generated/musique-kg-llm/train-dataset-question-decomposition.jsonl
    deps:
    - path: data/generated/musique-kg-llm/train-dataset-supporting.jsonl
      hash: md5
      md5: 7229e21893c3c22e48db5431dcbbe795
      size: 48748
    - path: pipelines/musique-kg-llm/decompose_question.py
      hash: md5
      md5: f7ac90a566c3bad266262a8c3d2f11ba
      size: 1030
    outs:
    - path: data/generated/musique-kg-llm/train-dataset-question-decomposition.jsonl
      hash: md5
      md5: 7ba06760800b1e5b979563a568c7d7c6
      size: 2581
  decompose_questions:
    cmd: python pipelines/musique-kg-llm/decompose_questions.py --dataset-file data/generated/musique-kg-llm/train/dataset.jsonl
      --out data/generated/musique-kg-llm/train/question-decomposition.jsonl
    deps:
    - path: data/generated/musique-kg-llm/train/dataset.jsonl
      hash: md5
      md5: b5557a8667e8a2d6833282bb62d1b7d4
      size: 645997
    - path: pipelines/musique-kg-llm/decompose_questions.py
      hash: md5
      md5: 2f07273e75a8a4477516738d8acc398b
      size: 875
    outs:
    - path: data/generated/musique-kg-llm/train/question-decomposition.jsonl
      hash: md5
      md5: 3a07e64b7d10010c833483bd08e71ac6
      size: 26046
  construct_knowledge_graphs:
    cmd: python pipelines/musique-kg-llm/construct_knowledge_graphs.py --dataset-file
      data/generated/musique-kg-llm/train/dataset.jsonl --llm-config-file data/raw/musique-kg-llm/train/erx-llm-configs/llama2-sft.json
      --out data/generated/musique-kg-llm/train/knowledge-graphs/
    deps:
    - path: data/generated/musique-kg-llm/train/dataset.jsonl
      hash: md5
      md5: b5557a8667e8a2d6833282bb62d1b7d4
      size: 645997
    - path: pipelines/musique-kg-llm/construct_knowledge_graphs.py
      hash: md5
      md5: 90ec18236d268ce56945fe95216c2875
      size: 8106
    outs:
    - path: data/generated/musique-kg-llm/train/knowledge-graphs/timestamp.txt
      hash: md5
      md5: edefa1a85a0349cb3d02d9591b7c1b9e
      size: 23
  answer_questions:
    cmd: python pipelines/musique-kg-llm/answer_questions.py --dataset-file data/generated/musique-kg-llm/train/question-decomposition.jsonl
      --knowledge-graph-directory data/generated/musique-kg-llm/train/knowledge-graphs/  --out
      data/generated/musique-kg-llm/train/answers.jsonl
    deps:
    - path: data/generated/musique-kg-llm/train/knowledge-graphs/timestamp.txt
      hash: md5
      md5: edefa1a85a0349cb3d02d9591b7c1b9e
      size: 23
    - path: data/generated/musique-kg-llm/train/question-decomposition.jsonl
      hash: md5
      md5: 3a07e64b7d10010c833483bd08e71ac6
      size: 26046
    - path: pipelines/musique-kg-llm/answer_questions.py
      hash: md5
      md5: 3d1b51a192fc8ac13bdff8801c3bc971
      size: 3389
    outs:
    - path: data/generated/musique-kg-llm/train/answers.jsonl
      hash: md5
      md5: d5d5e68e638c19c7008cc1fd96695b39
      size: 31844
  evaluate_answers:
    cmd: python pipelines/musique-kg-llm/evaluate_answers.py --dataset-file data/generated/musique-kg-llm/train/dataset.jsonl
      --answers-file data/generated/musique-kg-llm/train/answers.jsonl --out data/generated/musique-kg-llm/train/answer-eval/
    deps:
    - path: data/generated/musique-kg-llm/train/answers.jsonl
      hash: md5
      md5: d5d5e68e638c19c7008cc1fd96695b39
      size: 31844
    - path: data/generated/musique-kg-llm/train/dataset.jsonl
      hash: md5
      md5: b5557a8667e8a2d6833282bb62d1b7d4
      size: 645997
    - path: pipelines/musique-kg-llm/evaluate_answers.py
      hash: md5
      md5: 10263072efa05b1c59bccf9feb12bfb6
      size: 1521
    outs:
    - path: data/generated/musique-kg-llm/train/answer-eval/comparisons.jsonl
      hash: md5
      md5: b99867454bd4be8032ef3f7f2820a6fe
      size: 22489
    - path: data/generated/musique-kg-llm/train/answer-eval/scores.json
      hash: md5
      md5: 1b156a02ea883d946938ab122fe02776
      size: 48
  prepare_erx_reward_dataset:
    cmd: python pipelines/musique-kg-llm/prepare_erx_reward_dataset.py --knowledge-graph-directory
      data/generated/musique-kg-llm/train/knowledge-graphs/ --answer-comparisons-file
      data/generated/musique-kg-llm/train/answer-eval/comparisons.jsonl --out data/generated/musique-kg-llm/train/erx-reward-dataset.jsonl
    deps:
    - path: data/generated/musique-kg-llm/train/answer-eval/comparisons.jsonl
      hash: md5
      md5: 4537d67c9be85fb39e3645cf7c56c3e9
      size: 22575
    - path: data/generated/musique-kg-llm/train/knowledge-graphs/
      hash: md5
      md5: c5d221c379d51b620e6998e3ff523d49.dir
      size: 1584285857
      nfiles: 1501
    - path: pipelines/musique-kg-llm/prepare_erx_reward_dataset.py
      hash: md5
      md5: 2610d7cb5c79f04ac852d3332994e77d
      size: 1842
    outs:
    - path: data/generated/musique-kg-llm/train/erx-reward-dataset.jsonl
      hash: md5
      md5: 001ecaf129251994763297f83319c5dc
      size: 1348151
  prepare_jerx_reward_dataset:
    cmd: python pipelines/musique-kg-llm/prepare_jerx_reward_dataset.py --knowledge-graph-directory
      data/generated/musique-kg-llm/train/knowledge-graphs/ --answer-comparisons-file
      data/generated/musique-kg-llm/train/answer-eval/comparisons.jsonl --out data/generated/musique-kg-llm/train/jerx-reward-dataset.jsonl
    deps:
    - path: data/generated/musique-kg-llm/train/answer-eval/comparisons.jsonl
      hash: md5
      md5: b99867454bd4be8032ef3f7f2820a6fe
      size: 22489
    - path: data/generated/musique-kg-llm/train/knowledge-graphs/
      hash: md5
      md5: e327cbffd6eb224c63b86e58d78a4b68.dir
      size: 1006411195
      nfiles: 1501
    - path: pipelines/musique-kg-llm/prepare_jerx_reward_dataset.py
      hash: md5
      md5: 990304cc067be7c32c708bb187864ba2
      size: 1642
    outs:
    - path: data/generated/musique-kg-llm/train/jerx-reward-dataset.jsonl
      hash: md5
      md5: ff3ed6b822384a7e66973d0b7920facf
      size: 1147306
  publish_jerx_reward_modelling_datasets:
    cmd: python pipelines/musique-kg-llm/publish_jerx_reward_modelling_datasets.py
      --reward-dataset-path data/generated/musique-kg-llm/train/jerx-reward-dataset.jsonl
      --out data/generated/musique-kg-llm/train/jerx-reward-datasets-info.txt
    deps:
    - path: data/generated/musique-kg-llm/train/jerx-reward-dataset.jsonl
      hash: md5
      md5: ff3ed6b822384a7e66973d0b7920facf
      size: 1147306
    - path: pipelines/musique-kg-llm/publish_jerx_reward_modelling_datasets.py
      hash: md5
      md5: c9a0247d2f44119d43f990c3fb8f9c7a
      size: 2687
    outs:
    - path: data/generated/musique-kg-llm/train/jerx-reward-datasets-info.txt
      hash: md5
      md5: a02973c41a3d087cb502e6f862554821
      size: 169
