schema: '2.0'
stages:
  create_mhqa_dataset:
    cmd: python pipelines/musique-training/create_mhqa_dataset.py --config-file data/raw/musique-training/dataset-config.json
      --out data/generated/musique-training/dataset-full.jsonl
    deps:
    - path: data/raw/musique-training/dataset-config.json
      hash: md5
      md5: 07abe9fcbc403832c8318c4c7009c33b
      size: 72
    - path: pipelines/musique-training/create_mhqa_dataset.py
      hash: md5
      md5: 5f2bec09cef4f9b9cb9ce44aa5ae28cd
      size: 2066
    outs:
    - path: data/generated/musique-training/dataset-full.jsonl
      hash: md5
      md5: 6e28b2ffda29b98758f2f3ba0d5814f4
      size: 167494155
  create_mini_dataset:
    cmd: head -n 4000 data/generated/musique-common/base-dataset-train.jsonl > data/generated/musique-training/dataset.jsonl
    deps:
    - path: data/generated/musique-common/base-dataset-train.jsonl
      hash: md5
      md5: 19f134f113563558541de1b9af25881d
      size: 167998718
    outs:
    - path: data/generated/musique-training/dataset.jsonl
      hash: md5
      md5: 180fb05ed7aea3c0955ead7fc93bf1fe
      size: 36708589
  construct_knowledge_graphs:
    cmd: python pipelines/musique-common/construct_knowledge_graphs.py --dataset-file
      data/generated/musique-training/dataset.jsonl --llm-config-file data/raw/musique-training/jerx-llm-configs/llama3.json
      --out data/generated/musique-training/knowledge-graphs/
    deps:
    - path: data/generated/musique-training/dataset.jsonl
      hash: md5
      md5: e1528c9596596c8c80db2f62af38daf0
      size: 7977782
    - path: data/raw/musique-training/jerx-llm-configs/llama3.json
      hash: md5
      md5: 73d5d559f6f015c9ab9fc78e19980eb0
      size: 229
    - path: pipelines/musique-common/construct_knowledge_graphs.py
      hash: md5
      md5: b4631828af168953e81783916116adfb
      size: 7568
    outs:
    - path: data/generated/musique-training/knowledge-graphs/timestamp.txt
      hash: md5
      md5: 48cb85e9d367cf459000cdd400050a54
      size: 26
  answer_questions:
    cmd: python pipelines/musique-common/answer_questions.py --dataset-file data/generated/musique-training/question-decomposition.jsonl
      --knowledge-graph-directory data/generated/musique-training/knowledge-graphs/  --out
      data/generated/musique-training/question-answering
    deps:
    - path: data/generated/musique-training/knowledge-graphs/timestamp.txt
      hash: md5
      md5: 48cb85e9d367cf459000cdd400050a54
      size: 26
    - path: data/generated/musique-training/question-decomposition.jsonl
      hash: md5
      md5: dec6e5815a28abf97187dfabe41c2f6c
      size: 398184
    - path: pipelines/musique-common/answer_questions.py
      hash: md5
      md5: 4e270626e9a5ee85f12b222770b5e209
      size: 6143
    outs:
    - path: data/generated/musique-training/question-answering/timestamp.txt
      hash: md5
      md5: f12b8b00511f283a15e0536b6327e5a3
      size: 26
  evaluate_answers:
    cmd: python pipelines/musique-common/evaluate_answers.py --dataset-file data/generated/musique-training/dataset.jsonl
      --answers-dir data/generated/musique-training/question-answering/ --out data/generated/musique-training/answer-eval/
    deps:
    - path: data/generated/musique-training/dataset.jsonl
      hash: md5
      md5: e1528c9596596c8c80db2f62af38daf0
      size: 7977782
    - path: data/generated/musique-training/question-answering/
      hash: md5
      md5: 06cb93e916c6605627e58f9e100f058d.dir
      size: 12558623
      nfiles: 1985
    - path: pipelines/musique-common/evaluate_answers.py
      hash: md5
      md5: 2d030ec456fd08a0dd9e63fdb05fb754
      size: 1509
    outs:
    - path: data/generated/musique-training/answer-eval/comparisons.jsonl
      hash: md5
      md5: dcd5c185cacb5245d2f0e7b51f9a735d
      size: 7999951
    - path: data/generated/musique-training/answer-eval/scores.json
      hash: md5
      md5: 66cc678b7717563fc74658e58c206d55
      size: 103
  decompose_questions:
    cmd: python pipelines/musique-common/decompose_questions.py --dataset-file data/generated/musique-training/dataset.jsonl
      --out data/generated/musique-training/question-decomposition.jsonl
    deps:
    - path: data/generated/musique-training/dataset.jsonl
      hash: md5
      md5: 180fb05ed7aea3c0955ead7fc93bf1fe
      size: 36708589
    - path: pipelines/musique-common/decompose_questions.py
      hash: md5
      md5: 4ededc666a2572a92aa401a140578c50
      size: 1546
    outs:
    - path: data/generated/musique-training/question-decomposition.jsonl
      hash: md5
      md5: d684a4386de3fbb3e6017fd7ee7dcd49
      size: 1586577
  create_jerx_sft_dataset:
    cmd: python pipelines/musique-training/create_jerx_sft_dataset.py --dataset-file
      data/generated/musique-training/dataset.jsonl --answer-comparison-file data/generated/musique-training/answer-eval/comparisons.jsonl
      --out data/generated/musique-training/jerx/
    deps:
    - path: data/generated/musique-training/answer-eval/comparisons.jsonl
      hash: md5
      md5: dcd5c185cacb5245d2f0e7b51f9a735d
      size: 7999951
    - path: data/generated/musique-training/dataset.jsonl
      hash: md5
      md5: e1528c9596596c8c80db2f62af38daf0
      size: 7977782
    - path: pipelines/musique-common/evaluate_answers.py
      hash: md5
      md5: 2d030ec456fd08a0dd9e63fdb05fb754
      size: 1509
    outs:
    - path: data/generated/musique-training/jerx/jerx-chat.jsonl
      hash: md5
      md5: 3b3a00f2b128207f6219c73606ad3772
      size: 1878853
