schema: '2.0'
stages:
  create_mhqa_dataset:
    cmd: python pipelines/musique-evaluation/create_mhqa_dataset.py --config-file
      data/raw/musique-evaluation/dataset-config.json --out data/generated/musique-evaluation/dataset-full.jsonl
    deps:
    - path: data/raw/musique-evaluation/dataset-config.json
      hash: md5
      md5: 41cce409e518935d2c47140e2f94cd9e
      size: 77
    - path: pipelines/musique-evaluation/create_mhqa_dataset.py
      hash: md5
      md5: 5f2bec09cef4f9b9cb9ce44aa5ae28cd
      size: 2066
    outs:
    - path: data/generated/musique-evaluation/dataset-full.jsonl
      hash: md5
      md5: f570e09a7590b3de019babcd1bc92498
      size: 14933699
  decompose_questions:
    cmd: python pipelines/musique-common/decompose_questions.py --dataset-file data/generated/musique-evaluation/dataset.jsonl
      --out data/generated/musique-evaluation/question-decomposition.jsonl
    deps:
    - path: data/generated/musique-evaluation/dataset.jsonl
      hash: md5
      md5: a2f049d70d39f2fb3758df65fb316c83
      size: 14982567
    - path: pipelines/musique-common/decompose_questions.py
      hash: md5
      md5: 16fca41ffeaba9613340b0f569da9cd6
      size: 1307
    outs:
    - path: data/generated/musique-evaluation/question-decomposition.jsonl
      hash: md5
      md5: 277d764eb1a6bfdc7e4b78b95a3a39fa
      size: 338099
  construct_knowledge_graphs:
    cmd: python pipelines/musique-common/construct_knowledge_graphs.py --dataset-file
      data/generated/musique-evaluation/dataset.jsonl --llm-config-file data/raw/musique-evaluation/jerx-llm-configs/llama3.json
      --out data/generated/musique-evaluation/knowledge-graphs/ --resume
    deps:
    - path: data/generated/musique-evaluation/dataset.jsonl
      hash: md5
      md5: a2f049d70d39f2fb3758df65fb316c83
      size: 14982567
    - path: data/raw/musique-evaluation/jerx-llm-configs/llama3.json
      hash: md5
      md5: e939887078d95fa8b4f726dbace0c2e8
      size: 117
    - path: pipelines/musique-common/construct_knowledge_graphs.py
      hash: md5
      md5: e466fbe56b9e7b4ff12fd86e00c5092b
      size: 6853
    outs:
    - path: data/generated/musique-evaluation/knowledge-graphs/timestamp.txt
      hash: md5
      md5: e8b9eb430f42660c6de0bebb15281122
      size: 23
  answer_questions:
    cmd: python pipelines/musique-evaluation/answer_questions.py --dataset-file data/generated/musique-evaluation/question-decomposition.jsonl
      --knowledge-graph-directory data/generated/musique-evaluation/knowledge-graphs/  --out
      data/generated/musique-evaluation/question-answering
    deps:
    - path: data/generated/musique-evaluation/knowledge-graphs/timestamp.txt
      hash: md5
      md5: e8b9eb430f42660c6de0bebb15281122
      size: 23
    - path: data/generated/musique-evaluation/question-decomposition.jsonl
      hash: md5
      md5: 277d764eb1a6bfdc7e4b78b95a3a39fa
      size: 338099
    - path: pipelines/musique-evaluation/answer_questions.py
      hash: md5
      md5: f88e73af4bc777962430e38a6cec9810
      size: 5584
    outs:
    - path: data/generated/musique-evaluation/question-answering/timestamp.txt
      hash: md5
      md5: e79c1c50635e84054ce1c925f08fbf4a
      size: 26
  evaluate_answers:
    cmd: python pipelines/musique-common/evaluate_answers.py --dataset-file data/generated/musique-evaluation/dataset.jsonl
      --answers-dir data/generated/musique-evaluation/question-answering/ --out data/generated/musique-evaluation/answer-eval/
    deps:
    - path: data/generated/musique-evaluation/dataset.jsonl
      hash: md5
      md5: a2f049d70d39f2fb3758df65fb316c83
      size: 14982567
    - path: data/generated/musique-evaluation/question-answering/
      hash: md5
      md5: ba9fe14d9b04408655e1f4f01924424d.dir
      size: 15772585
      nfiles: 2503
    - path: pipelines/musique-common/evaluate_answers.py
      hash: md5
      md5: 2d030ec456fd08a0dd9e63fdb05fb754
      size: 1509
    outs:
    - path: data/generated/musique-evaluation/answer-eval/comparisons.jsonl
      hash: md5
      md5: 5c86dc05764dba5108faa8d78b3b3df5
      size: 15074782
    - path: data/generated/musique-evaluation/answer-eval/scores.json
      hash: md5
      md5: ae66a6535301953d7d85602fb6d2a6bb
      size: 105
  create_mini_dataset:
    cmd: cat data/generated/musique-common/base-dataset-validation.jsonl > data/generated/musique-evaluation/dataset.jsonl
    deps:
    - path: data/generated/musique-common/base-dataset-validation.jsonl
      hash: md5
      md5: a2f049d70d39f2fb3758df65fb316c83
      size: 14982567
    outs:
    - path: data/generated/musique-evaluation/dataset.jsonl
      hash: md5
      md5: a2f049d70d39f2fb3758df65fb316c83
      size: 14982567
