schema: '2.0'
stages:
  create_mhqa_dataset:
    cmd: python pipelines/musique-evaluation/create_mhqa_dataset.py --config-file
      data/raw/musique-evaluation/dataset-config.json --out data/generated/musique-evaluation/dataset-full.jsonl
    deps:
    - path: data/raw/musique-evaluation/dataset-config.json
      hash: md5
      md5: 41cce409e518935d2c47140e2f94cd9e
      size: 77
    - path: pipelines/musique-evaluation/create_mhqa_dataset.py
      hash: md5
      md5: 5f2bec09cef4f9b9cb9ce44aa5ae28cd
      size: 2066
    outs:
    - path: data/generated/musique-evaluation/dataset-full.jsonl
      hash: md5
      md5: f570e09a7590b3de019babcd1bc92498
      size: 14933699
  decompose_questions:
    cmd: python pipelines/musique-common/decompose_questions.py --dataset-file data/generated/musique-evaluation/dataset.jsonl
      --out data/generated/musique-evaluation/question-decomposition.jsonl
    deps:
    - path: data/generated/musique-evaluation/dataset.jsonl
      hash: md5
      md5: b3467da3493f57709599d42da35c7f87
      size: 1690892
    - path: pipelines/musique-common/decompose_questions.py
      hash: md5
      md5: 688171404a1577e2faa2134cf3deb8a7
      size: 1389
    outs:
    - path: data/generated/musique-evaluation/question-decomposition.jsonl
      hash: md5
      md5: 7e482c2f80bd08322d41661795122d4d
      size: 79730
  construct_knowledge_graphs:
    cmd: python pipelines/musique-common/construct_knowledge_graphs.py --dataset-file
      data/generated/musique-evaluation/dataset.jsonl --llm-config-file data/raw/musique-evaluation/jerx-llm-configs/llama3.json
      --out data/generated/musique-evaluation/knowledge-graphs/ --include-non-supporting
    deps:
    - path: data/generated/musique-evaluation/dataset.jsonl
      hash: md5
      md5: b3467da3493f57709599d42da35c7f87
      size: 1690892
    - path: data/raw/musique-evaluation/jerx-llm-configs/llama3.json
      hash: md5
      md5: 59e6493d544b688c22b4aa9d2cee06ce
      size: 123
    - path: pipelines/musique-common/construct_knowledge_graphs.py
      hash: md5
      md5: b4631828af168953e81783916116adfb
      size: 7568
    outs:
    - path: data/generated/musique-evaluation/knowledge-graphs/timestamp.txt
      hash: md5
      md5: be43b64a443e550f50a1859acc7e36a8
      size: 26
  answer_questions:
    cmd: python pipelines/musique-common/answer_questions.py --dataset-file data/generated/musique-evaluation/question-decomposition.jsonl
      --knowledge-graph-directory data/generated/musique-evaluation/knowledge-graphs/  --out
      data/generated/musique-evaluation/question-answering
    deps:
    - path: data/generated/musique-evaluation/knowledge-graphs/timestamp.txt
      hash: md5
      md5: be43b64a443e550f50a1859acc7e36a8
      size: 26
    - path: data/generated/musique-evaluation/question-decomposition.jsonl
      hash: md5
      md5: 7e482c2f80bd08322d41661795122d4d
      size: 79730
    - path: pipelines/musique-common/answer_questions.py
      hash: md5
      md5: 4e270626e9a5ee85f12b222770b5e209
      size: 6143
    outs:
    - path: data/generated/musique-evaluation/question-answering/timestamp.txt
      hash: md5
      md5: 7c6b179045ee858d71d31c29f13068b3
      size: 26
  evaluate_answers:
    cmd: python pipelines/musique-common/evaluate_answers.py --dataset-file data/generated/musique-evaluation/dataset.jsonl
      --answers-dir data/generated/musique-evaluation/question-answering/ --out data/generated/musique-evaluation/answer-eval/
    deps:
    - path: data/generated/musique-evaluation/dataset.jsonl
      hash: md5
      md5: b3467da3493f57709599d42da35c7f87
      size: 1690892
    - path: data/generated/musique-evaluation/question-answering/timestamp.txt
      hash: md5
      md5: 902c26c1ae75d2a32b214fca63f9fa6c
      size: 26
    - path: pipelines/musique-common/evaluate_answers.py
      hash: md5
      md5: 2d030ec456fd08a0dd9e63fdb05fb754
      size: 1509
    outs:
    - path: data/generated/musique-evaluation/answer-eval/comparisons.jsonl
      hash: md5
      md5: b0364e50bf20a83340ad5fddf1a56068
      size: 1690525
    - path: data/generated/musique-evaluation/answer-eval/scores.json
      hash: md5
      md5: a17c4f595f8229cd8b961c70b87b1dff
      size: 104
  create_mini_dataset:
    cmd: head -n 200 data/generated/musique-common/base-dataset-validation.jsonl >
      data/generated/musique-evaluation/dataset.jsonl
    deps:
    - path: data/generated/musique-common/base-dataset-validation.jsonl
      hash: md5
      md5: a2f049d70d39f2fb3758df65fb316c83
      size: 14982567
    outs:
    - path: data/generated/musique-evaluation/dataset.jsonl
      hash: md5
      md5: b3467da3493f57709599d42da35c7f87
      size: 1690892
